
Microsoft Visual Studio Solution File, Format Version 12.00
# Visual Studio Version 17
VisualStudioVersion = 17.5.002.0
MinimumVisualStudioVersion = 10.0.40219.1
Project("{9A19103F-16F7-4668-BE54-9A1E7A4F7556}") = "THAbtractClass", "THAbtractClass.csproj", "{6F2EB043-C543-45F4-8566-23FEE86E5E9E}"
EndProject
Global
	GlobalSection(SolutionConfigurationPlatforms) = preSolution
		Debug|Any CPU = Debug|Any CPU
		Release|Any CPU = Release|Any CPU
	EndGlobalSection
	GlobalSection(ProjectConfigurationPlatforms) = postSolution
		{6F2EB043-C543-45F4-8566-23FEE86E5E9E}.Debug|Any CPU.ActiveCfg = Debug|Any CPU
		{6F2EB043-C543-45F4-8566-23FEE86E5E9E}.Debug|Any CPU.Build.0 = Debug|Any CPU
		{6F2EB043-C543-45F4-8566-23FEE86E5E9E}.Release|Any CPU.ActiveCfg = Release|Any CPU
		{6F2EB043-C543-45F4-8566-23FEE86E5E9E}.Release|Any CPU.Build.0 = Release|Any CPU
	EndGlobalSection
	GlobalSection(SolutionProperties) = preSolution
		HideSolutionNode = FALSE
	EndGlobalSection
	GlobalSection(ExtensibilityGlobals) = postSolution
		SolutionGuid = {84616BAD-9D3E-47B3-81A0-C141C763A383}
	EndGlobalSection
EndGlobal
